// !$*UTF8*$!
{
	archiveVersion = 1;
	classes = {
	};
	objectVersion = 46;
	objects = {

/* Begin PBXBuildFile section */
		1F40C50B19C37DDE00845613 /* main.m in Sources */ = {isa = PBXBuildFile; fileRef = 1F40C50A19C37DDE00845613 /* main.m */; };
		1F40C50E19C37DDE00845613 /* AppDelegate.m in Sources */ = {isa = PBXBuildFile; fileRef = 1F40C50D19C37DDE00845613 /* AppDelegate.m */; };
		1F40C51119C37DDE00845613 /* jiggah.xcdatamodeld in Sources */ = {isa = PBXBuildFile; fileRef = 1F40C50F19C37DDE00845613 /* jiggah.xcdatamodeld */; };
		1F40C51719C37DDE00845613 /* Main.storyboard in Resources */ = {isa = PBXBuildFile; fileRef = 1F40C51519C37DDE00845613 /* Main.storyboard */; };
		1F40C51919C37DDE00845613 /* Images.xcassets in Resources */ = {isa = PBXBuildFile; fileRef = 1F40C51819C37DDE00845613 /* Images.xcassets */; };
		1F40C52519C37DDF00845613 /* jiggahTests.m in Sources */ = {isa = PBXBuildFile; fileRef = 1F40C52419C37DDF00845613 /* jiggahTests.m */; };
		1F40C53119C37E8000845613 /* LinearInterpolationView.m in Sources */ = {isa = PBXBuildFile; fileRef = 1F40C53019C37E8000845613 /* LinearInterpolationView.m */; };
/* End PBXBuildFile section */

/* Begin PBXContainerItemProxy section */
		1F40C51F19C37DDF00845613 /* PBXContainerItemProxy */ = {
			isa = PBXContainerItemProxy;
			containerPortal = 1F40C4FD19C37DDE00845613 /* Project object */;
			proxyType = 1;
			remoteGlobalIDString = 1F40C50419C37DDE00845613;
			remoteInfo = jiggah;
		};
/* End PBXContainerItemProxy section */

/* Begin PBXFileReference section */
		1F40C50519C37DDE00845613 /* jiggah.app */ = {isa = PBXFileReference; explicitFileType = wrapper.application; includeInIndex = 0; path = jiggah.app; sourceTree = BUILT_PRODUCTS_DIR; };
		1F40C50919C37DDE00845613 /* Info.plist */ = {isa = PBXFileReference; lastKnownFileType = text.plist.xml; path = Info.plist; sourceTree = "<group>"; };
		1F40C50A19C37DDE00845613 /* main.m */ = {isa = PBXFileReference; lastKnownFileType = sourcecode.c.objc; path = main.m; sourceTree = "<group>"; };
		1F40C50C19C37DDE00845613 /* AppDelegate.h */ = {isa = PBXFileReference; lastKnownFileType = sourcecode.c.h; path = AppDelegate.h; sourceTree = "<group>"; };
		1F40C50D19C37DDE00845613 /* AppDelegate.m */ = {isa = PBXFileReference; lastKnownFileType = sourcecode.c.objc; path = AppDelegate.m; sourceTree = "<group>"; };
		1F40C51019C37DDE00845613 /* jiggah.xcdatamodel */ = {isa = PBXFileReference; lastKnownFileType = wrapper.xcdatamodel; path = jiggah.xcdatamodel; sourceTree = "<group>"; };
		1F40C51619C37DDE00845613 /* Base */ = {isa = PBXFileReference; lastKnownFileType = file.storyboard; name = Base; path = Base.lproj/Main.storyboard; sourceTree = "<group>"; };
		1F40C51819C37DDE00845613 /* Images.xcassets */ = {isa = PBXFileReference; lastKnownFileType = folder.assetcatalog; path = Images.xcassets; sourceTree = "<group>"; };
		1F40C51E19C37DDF00845613 /* jiggahTests.xctest */ = {isa = PBXFileReference; explicitFileType = wrapper.cfbundle; includeInIndex = 0; path = jiggahTests.xctest; sourceTree = BUILT_PRODUCTS_DIR; };
		1F40C52319C37DDF00845613 /* Info.plist */ = {isa = PBXFileReference; lastKnownFileType = text.plist.xml; path = Info.plist; sourceTree = "<group>"; };
		1F40C52419C37DDF00845613 /* jiggahTests.m */ = {isa = PBXFileReference; lastKnownFileType = sourcecode.c.objc; path = jiggahTests.m; sourceTree = "<group>"; };
		1F40C52F19C37E8000845613 /* LinearInterpolationView.h */ = {isa = PBXFileReference; fileEncoding = 4; lastKnownFileType = sourcecode.c.h; name = LinearInterpolationView.h; path = ../LinearInterpolationView.h; sourceTree = "<group>"; };
		1F40C53019C37E8000845613 /* LinearInterpolationView.m */ = {isa = PBXFileReference; fileEncoding = 4; lastKnownFileType = sourcecode.c.objc; name = LinearInterpolationView.m; path = ../LinearInterpolationView.m; sourceTree = "<group>"; };
/* End PBXFileReference section */

/* Begin PBXFrameworksBuildPhase section */
		1F40C50219C37DDE00845613 /* Frameworks */ = {
			isa = PBXFrameworksBuildPhase;
			buildActionMask = 2147483647;
			files = (
			);
			runOnlyForDeploymentPostprocessing = 0;
		};
		1F40C51B19C37DDF00845613 /* Frameworks */ = {
			isa = PBXFrameworksBuildPhase;
			buildActionMask = 2147483647;
			files = (
			);
			runOnlyForDeploymentPostprocessing = 0;
		};
/* End PBXFrameworksBuildPhase section */

/* Begin PBXGroup section */
		1F40C4FC19C37DDE00845613 = {
			isa = PBXGroup;
			children = (
				1F40C50719C37DDE00845613 /* jiggah */,
				1F40C52119C37DDF00845613 /* jiggahTests */,
				1F40C50619C37DDE00845613 /* Products */,
			);
			sourceTree = "<group>";
		};
		1F40C50619C37DDE00845613 /* Products */ = {
			isa = PBXGroup;
			children = (
				1F40C50519C37DDE00845613 /* jiggah.app */,
				1F40C51E19C37DDF00845613 /* jiggahTests.xctest */,
			);
			name = Products;
			sourceTree = "<group>";
		};
		1F40C50719C37DDE00845613 /* jiggah */ = {
			isa = PBXGroup;
			children = (
				1F40C50C19C37DDE00845613 /* AppDelegate.h */,
				1F40C50D19C37DDE00845613 /* AppDelegate.m */,
				1F40C52F19C37E8000845613 /* LinearInterpolationView.h */,
				1F40C53019C37E8000845613 /* LinearInterpolationView.m */,
				1F40C51519C37DDE00845613 /* Main.storyboard */,
				1F40C51819C37DDE00845613 /* Images.xcassets */,
				1F40C50F19C37DDE00845613 /* jiggah.xcdatamodeld */,
				1F40C50819C37DDE00845613 /* Supporting Files */,
			);
			path = jiggah;
			sourceTree = "<group>";
		};
		1F40C50819C37DDE00845613 /* Supporting Files */ = {
			isa = PBXGroup;
			children = (
				1F40C50919C37DDE00845613 /* Info.plist */,
				1F40C50A19C37DDE00845613 /* main.m */,
			);
			name = "Supporting Files";
			sourceTree = "<group>";
		};
		1F40C52119C37DDF00845613 /* jiggahTests */ = {
			isa = PBXGroup;
			children = (
				1F40C52419C37DDF00845613 /* jiggahTests.m */,
				1F40C52219C37DDF00845613 /* Supporting Files */,
			);
			path = jiggahTests;
			sourceTree = "<group>";
		};
		1F40C52219C37DDF00845613 /* Supporting Files */ = {
			isa = PBXGroup;
			children = (
				1F40C52319C37DDF00845613 /* Info.plist */,
			);
			name = "Supporting Files";
			sourceTree = "<group>";
		};
/* End PBXGroup section */

/* Begin PBXNativeTarget section */
		1F40C50419C37DDE00845613 /* jiggah */ = {
			isa = PBXNativeTarget;
			buildConfigurationList = 1F40C52819C37DDF00845613 /* Build configuration list for PBXNativeTarget "jiggah" */;
			buildPhases = (
				1F40C50119C37DDE00845613 /* Sources */,
				1F40C50219C37DDE00845613 /* Frameworks */,
				1F40C50319C37DDE00845613 /* Resources */,
			);
			buildRules = (
			);
			dependencies = (
			);
			name = jiggah;
			productName = jiggah;
			productReference = 1F40C50519C37DDE00845613 /* jiggah.app */;
			productType = "com.apple.product-type.application";
		};
		1F40C51D19C37DDF00845613 /* jiggahTests */ = {
			isa = PBXNativeTarget;
			buildConfigurationList = 1F40C52B19C37DDF00845613 /* Build configuration list for PBXNativeTarget "jiggahTests" */;
			buildPhases = (
				1F40C51A19C37DDF00845613 /* Sources */,
				1F40C51B19C37DDF00845613 /* Frameworks */,
				1F40C51C19C37DDF00845613 /* Resources */,
			);
			buildRules = (
			);
			dependencies = (
				1F40C52019C37DDF00845613 /* PBXTargetDependency */,
			);
			name = jiggahTests;
			productName = jiggahTests;
			productReference = 1F40C51E19C37DDF00845613 /* jiggahTests.xctest */;
			productType = "com.apple.product-type.bundle.unit-test";
		};
/* End PBXNativeTarget section */

/* Begin PBXProject section */
		1F40C4FD19C37DDE00845613 /* Project object */ = {
			isa = PBXProject;
			attributes = {
				LastUpgradeCheck = 0600;
				ORGANIZATIONNAME = tapthis;
				TargetAttributes = {
					1F40C50419C37DDE00845613 = {
						CreatedOnToolsVersion = 6.0;
					};
					1F40C51D19C37DDF00845613 = {
						CreatedOnToolsVersion = 6.0;
						TestTargetID = 1F40C50419C37DDE00845613;
					};
				};
			};
			buildConfigurationList = 1F40C50019C37DDE00845613 /* Build configuration list for PBXProject "jiggah" */;
			compatibilityVersion = "Xcode 3.2";
			developmentRegion = English;
			hasScannedForEncodings = 0;
			knownRegions = (
				en,
				Base,
			);
			mainGroup = 1F40C4FC19C37DDE00845613;
			productRefGroup = 1F40C50619C37DDE00845613 /* Products */;
			projectDirPath = "";
			projectRoot = "";
			targets = (
				1F40C50419C37DDE00845613 /* jiggah */,
				1F40C51D19C37DDF00845613 /* jiggahTests */,
			);
		};
/* End PBXProject section */

/* Begin PBXResourcesBuildPhase section */
		1F40C50319C37DDE00845613 /* Resources */ = {
			isa = PBXResourcesBuildPhase;
			buildActionMask = 2147483647;
			files = (
				1F40C51719C37DDE00845613 /* Main.storyboard in Resources */,
				1F40C51919C37DDE00845613 /* Images.xcassets in Resources */,
			);
			runOnlyForDeploymentPostprocessing = 0;
		};
		1F40C51C19C37DDF00845613 /* Resources */ = {
			isa = PBXResourcesBuildPhase;
			buildActionMask = 2147483647;
			files = (
			);
			runOnlyForDeploymentPostprocessing = 0;
		};
/* End PBXResourcesBuildPhase section */

/* Begin PBXSourcesBuildPhase section */
		1F40C50119C37DDE00845613 /* Sources */ = {
			isa = PBXSourcesBuildPhase;
			buildActionMask = 2147483647;
			files = (
				1F40C50E19C37DDE00845613 /* AppDelegate.m in Sources */,
				1F40C50B19C37DDE00845613 /* main.m in Sources */,
				1F40C53119C37E8000845613 /* LinearInterpolationView.m in Sources */,
				1F40C51119C37DDE00845613 /* jiggah.xcdatamodeld in Sources */,
			);
			runOnlyForDeploymentPostprocessing = 0;
		};
		1F40C51A19C37DDF00845613 /* Sources */ = {
			isa = PBXSourcesBuildPhase;
			buildActionMask = 2147483647;
			files = (
				1F40C52519C37DDF00845613 /* jiggahTests.m in Sources */,
			);
			runOnlyForDeploymentPostprocessing = 0;
		};
/* End PBXSourcesBuildPhase section */

/* Begin PBXTargetDependency section */
		1F40C52019C37DDF00845613 /* PBXTargetDependency */ = {
			isa = PBXTargetDependency;
			target = 1F40C50419C37DDE00845613 /* jiggah */;
			targetProxy = 1F40C51F19C37DDF00845613 /* PBXContainerItemProxy */;
		};
/* End PBXTargetDependency section */

/* Begin PBXVariantGroup section */
		1F40C51519C37DDE00845613 /* Main.storyboard */ = {
			isa = PBXVariantGroup;
			children = (
				1F40C51619C37DDE00845613 /* Base */,
			);
			name = Main.storyboard;
			sourceTree = "<group>";
		};
/* End PBXVariantGroup section */

/* Begin XCBuildConfiguration section */
		1F40C52619C37DDF00845613 /* Debug */ = {
			isa = XCBuildConfiguration;
			buildSettings = {
				ALWAYS_SEARCH_USER_PATHS = NO;
				CLANG_CXX_LANGUAGE_STANDARD = "gnu++0x";
				CLANG_CXX_LIBRARY = "libc++";
				CLANG_ENABLE_MODULES = YES;
				CLANG_ENABLE_OBJC_ARC = YES;
				CLANG_WARN_BOOL_CONVERSION = YES;
				CLANG_WARN_CONSTANT_CONVERSION = YES;
				CLANG_WARN_DIRECT_OBJC_ISA_USAGE = YES_ERROR;
				CLANG_WARN_EMPTY_BODY = YES;
				CLANG_WARN_ENUM_CONVERSION = YES;
				CLANG_WARN_INT_CONVERSION = YES;
				CLANG_WARN_OBJC_ROOT_CLASS = YES_ERROR;
				CLANG_WARN_UNREACHABLE_CODE = YES;
				CLANG_WARN__DUPLICATE_METHOD_MATCH = YES;
				"CODE_SIGN_IDENTITY[sdk=iphoneos*]" = "iPhone Developer";
				COPY_PHASE_STRIP = NO;
				ENABLE_STRICT_OBJC_MSGSEND = YES;
				GCC_C_LANGUAGE_STANDARD = gnu99;
				GCC_DYNAMIC_NO_PIC = NO;
				GCC_OPTIMIZATION_LEVEL = 0;
				GCC_PREPROCESSOR_DEFINITIONS = (
					"DEBUG=1",
					"$(inherited)",
				);
				GCC_SYMBOLS_PRIVATE_EXTERN = NO;
				GCC_WARN_64_TO_32_BIT_CONVERSION = YES;
				GCC_WARN_ABOUT_RETURN_TYPE = YES_ERROR;
				GCC_WARN_UNDECLARED_SELECTOR = YES;
				GCC_WARN_UNINITIALIZED_AUTOS = YES_AGGRESSIVE;
				GCC_WARN_UNUSED_FUNCTION = YES;
				GCC_WARN_UNUSED_VARIABLE = YES;
				IPHONEOS_DEPLOYMENT_TARGET = 8.0;
				MTL_ENABLE_DEBUG_INFO = YES;
				ONLY_ACTIVE_ARCH = YES;
				SDKROOT = iphoneos;
				TARGETED_DEVICE_FAMILY = "1,2";
			};
			name = Debug;
		};
		1F40C52719C37DDF00845613 /* Release */ = {
			isa = XCBuildConfiguration;
			buildSettings = {
				ALWAYS_SEARCH_USER_PATHS = NO;
				CLANG_CXX_LANGUAGE_STANDARD = "gnu++0x";
				CLANG_CXX_LIBRARY = "libc++";
				CLANG_ENABLE_MODULES = YES;
				CLANG_ENABLE_OBJC_ARC = YES;
				CLANG_WARN_BOOL_CONVERSION = YES;
				CLANG_WARN_CONSTANT_CONVERSION = YES;
				CLANG_WARN_DIRECT_OBJC_ISA_USAGE = YES_ERROR;
				CLANG_WARN_EMPTY_BODY = YES;
				CLANG_WARN_ENUM_CONVERSION = YES;
				CLANG_WARN_INT_CONVERSION = YES;
				CLANG_WARN_OBJC_ROOT_CLASS = YES_ERROR;
				CLANG_WARN_UNREACHABLE_CODE = YES;
				CLANG_WARN__DUPLICATE_METHOD_MATCH = YES;
				"CODE_SIGN_IDENTITY[sdk=iphoneos*]" = "iPhone Developer";
				COPY_PHASE_STRIP = YES;
				ENABLE_NS_ASSERTIONS = NO;
				ENABLE_STRICT_OBJC_MSGSEND = YES;
				GCC_C_LANGUAGE_STANDARD = gnu99;
				GCC_WARN_64_TO_32_BIT_CONVERSION = YES;
				GCC_WARN_ABOUT_RETURN_TYPE = YES_ERROR;
				GCC_WARN_UNDECLARED_SELECTOR = YES;
				GCC_WARN_UNINITIALIZED_AUTOS = YES_AGGRESSIVE;
				GCC_WARN_UNUSED_FUNCTION = YES;
				GCC_WARN_UNUSED_VARIABLE = YES;
				IPHONEOS_DEPLOYMENT_TARGET = 8.0;
				MTL_ENABLE_DEBUG_INFO = NO;
				SDKROOT = iphoneos;
				TARGETED_DEVICE_FAMILY = "1,2";
				VALIDATE_PRODUCT = YES;
			};
			name = Release;
		};
		1F40C52919C37DDF00845613 /* Debug */ = {
			isa = XCBuildConfiguration;
			buildSettings = {
				ASSETCATALOG_COMPILER_APPICON_NAME = AppIcon;
				ASSETCATALOG_COMPILER_LAUNCHIMAGE_NAME = LaunchImage;
				INFOPLIST_FILE = jiggah/Info.plist;
				LD_RUNPATH_SEARCH_PATHS = "$(inherited) @executable_path/Frameworks";
				PRODUCT_NAME = "$(TARGET_NAME)";
			};
			name = Debug;
		};
		1F40C52A19C37DDF00845613 /* Release */ = {
			isa = XCBuildConfiguration;
			buildSettings = {
				ASSETCATALOG_COMPILER_APPICON_NAME = AppIcon;
				ASSETCATALOG_COMPILER_LAUNCHIMAGE_NAME = LaunchImage;
				INFOPLIST_FILE = jiggah/Info.plist;
				LD_RUNPATH_SEARCH_PATHS = "$(inherited) @executable_path/Frameworks";
				PRODUCT_NAME = "$(TARGET_NAME)";
			};
			name = Release;
		};
		1F40C52C19C37DDF00845613 /* Debug */ = {
			isa = XCBuildConfiguration;
			buildSettings = {
				BUNDLE_LOADER = "$(BUILT_PRODUCTS_DIR)/jiggah.app/jiggah";
				FRAMEWORK_SEARCH_PATHS = (
					"$(SDKROOT)/Developer/Library/Frameworks",
					"$(inherited)",
				);
				GCC_PREPROCESSOR_DEFINITIONS = (
					"DEBUG=1",
					"$(inherited)",
				);
				INFOPLIST_FILE = jiggahTests/Info.plist;
				LD_RUNPATH_SEARCH_PATHS = "$(inherited) @executable_path/Frameworks @loader_path/Frameworks";
				PRODUCT_NAME = "$(TARGET_NAME)";
				TEST_HOST = "$(BUNDLE_LOADER)";
			};
			name = Debug;
		};
		1F40C52D19C37DDF00845613 /* Release */ = {
			isa = XCBuildConfiguration;
			buildSettings = {
				BUNDLE_LOADER = "$(BUILT_PRODUCTS_DIR)/jiggah.app/jiggah";
				FRAMEWORK_SEARCH_PATHS = (
					"$(SDKROOT)/Developer/Library/Frameworks",
					"$(inherited)",
				);
				INFOPLIST_FILE = jiggahTests/Info.plist;
				LD_RUNPATH_SEARCH_PATHS = "$(inherited) @executable_path/Frameworks @loader_path/Frameworks";
				PRODUCT_NAME = "$(TARGET_NAME)";
				TEST_HOST = "$(BUNDLE_LOADER)";
			};
			name = Release;
		};
/* End XCBuildConfiguration section */

/* Begin XCConfigurationList section */
		1F40C50019C37DDE00845613 /* Build configuration list for PBXProject "jiggah" */ = {
			isa = XCConfigurationList;
			buildConfigurations = (
				1F40C52619C37DDF00845613 /* Debug */,
				1F40C52719C37DDF00845613 /* Release */,
			);
			defaultConfigurationIsVisible = 0;
			defaultConfigurationName = Release;
		};
		1F40C52819C37DDF00845613 /* Build configuration list for PBXNativeTarget "jiggah" */ = {
			isa = XCConfigurationList;
			buildConfigurations = (
				1F40C52919C37DDF00845613 /* Debug */,
				1F40C52A19C37DDF00845613 /* Release */,
			);
			defaultConfigurationIsVisible = 0;
			defaultConfigurationName = Release;
		};
		1F40C52B19C37DDF00845613 /* Build configuration list for PBXNativeTarget "jiggahTests" */ = {
			isa = XCConfigurationList;
			buildConfigurations = (
				1F40C52C19C37DDF00845613 /* Debug */,
				1F40C52D19C37DDF00845613 /* Release */,
			);
			defaultConfigurationIsVisible = 0;
			defaultConfigurationName = Release;
		};
/* End XCConfigurationList section */

/* Begin XCVersionGroup section */
		1F40C50F19C37DDE00845613 /* jiggah.xcdatamodeld */ = {
			isa = XCVersionGroup;
			children = (
				1F40C51019C37DDE00845613 /* jiggah.xcdatamodel */,
			);
			currentVersion = 1F40C51019C37DDE00845613 /* jiggah.xcdatamodel */;
			path = jiggah.xcdatamodeld;
			sourceTree = "<group>";
			versionGroupType = wrapper.xcdatamodel;
		};
/* End XCVersionGroup section */
	};
	rootObject = 1F40C4FD19C37DDE00845613 /* Project object */;
}
